// !$*UTF8*$!
{
	archiveVersion = 1;
	classes = {
	};
	objectVersion = 46;
	objects = {

/* Begin PBXBuildFile section */
		2F8535291DA9320200BDD41F /* AppDelegate.swift in Sources */ = {isa = PBXBuildFile; fileRef = 2F8535281DA9320200BDD41F /* AppDelegate.swift */; };
		2F85352B1DA9320200BDD41F /* ViewController.swift in Sources */ = {isa = PBXBuildFile; fileRef = 2F85352A1DA9320200BDD41F /* ViewController.swift */; };
		2F85352E1DA9320200BDD41F /* Main.storyboard in Resources */ = {isa = PBXBuildFile; fileRef = 2F85352C1DA9320200BDD41F /* Main.storyboard */; };
		2F8535301DA9320200BDD41F /* Assets.xcassets in Resources */ = {isa = PBXBuildFile; fileRef = 2F85352F1DA9320200BDD41F /* Assets.xcassets */; };
		2F8535331DA9320200BDD41F /* LaunchScreen.storyboard in Resources */ = {isa = PBXBuildFile; fileRef = 2F8535311DA9320200BDD41F /* LaunchScreen.storyboard */; };
		2F85353B1DA96DA400BDD41F /* Minecraft.ttf in Resources */ = {isa = PBXBuildFile; fileRef = 2F85353A1DA96DA400BDD41F /* Minecraft.ttf */; };
		2F85353D1DA970C100BDD41F /* btn.wav in Resources */ = {isa = PBXBuildFile; fileRef = 2F85353C1DA970C100BDD41F /* btn.wav */; };
/* End PBXBuildFile section */

/* Begin PBXFileReference section */
		2F8535251DA9320200BDD41F /* retroCalculator.app */ = {isa = PBXFileReference; explicitFileType = wrapper.application; includeInIndex = 0; path = retroCalculator.app; sourceTree = BUILT_PRODUCTS_DIR; };
		2F8535281DA9320200BDD41F /* AppDelegate.swift */ = {isa = PBXFileReference; lastKnownFileType = sourcecode.swift; path = AppDelegate.swift; sourceTree = "<group>"; };
		2F85352A1DA9320200BDD41F /* ViewController.swift */ = {isa = PBXFileReference; lastKnownFileType = sourcecode.swift; path = ViewController.swift; sourceTree = "<group>"; };
		2F85352D1DA9320200BDD41F /* Base */ = {isa = PBXFileReference; lastKnownFileType = file.storyboard; name = Base; path = Base.lproj/Main.storyboard; sourceTree = "<group>"; };
		2F85352F1DA9320200BDD41F /* Assets.xcassets */ = {isa = PBXFileReference; lastKnownFileType = folder.assetcatalog; path = Assets.xcassets; sourceTree = "<group>"; };
		2F8535321DA9320200BDD41F /* Base */ = {isa = PBXFileReference; lastKnownFileType = file.storyboard; name = Base; path = Base.lproj/LaunchScreen.storyboard; sourceTree = "<group>"; };
		2F8535341DA9320200BDD41F /* Info.plist */ = {isa = PBXFileReference; lastKnownFileType = text.plist.xml; path = Info.plist; sourceTree = "<group>"; };
		2F85353A1DA96DA400BDD41F /* Minecraft.ttf */ = {isa = PBXFileReference; lastKnownFileType = file; path = Minecraft.ttf; sourceTree = "<group>"; };
		2F85353C1DA970C100BDD41F /* btn.wav */ = {isa = PBXFileReference; lastKnownFileType = audio.wav; path = btn.wav; sourceTree = "<group>"; };
/* End PBXFileReference section */

/* Begin PBXFrameworksBuildPhase section */
		2F8535221DA9320200BDD41F /* Frameworks */ = {
			isa = PBXFrameworksBuildPhase;
			buildActionMask = 2147483647;
			files = (
			);
			runOnlyForDeploymentPostprocessing = 0;
		};
/* End PBXFrameworksBuildPhase section */

/* Begin PBXGroup section */
		2F85351C1DA9320200BDD41F = {
			isa = PBXGroup;
			children = (
				2F8535271DA9320200BDD41F /* retroCalculator */,
				2F8535261DA9320200BDD41F /* Products */,
			);
			sourceTree = "<group>";
		};
		2F8535261DA9320200BDD41F /* Products */ = {
			isa = PBXGroup;
			children = (
				2F8535251DA9320200BDD41F /* retroCalculator.app */,
			);
			name = Products;
			sourceTree = "<group>";
		};
		2F8535271DA9320200BDD41F /* retroCalculator */ = {
			isa = PBXGroup;
			children = (
				2F8535281DA9320200BDD41F /* AppDelegate.swift */,
				2F85352A1DA9320200BDD41F /* ViewController.swift */,
				2F85352C1DA9320200BDD41F /* Main.storyboard */,
				2F85353A1DA96DA400BDD41F /* Minecraft.ttf */,
				2F85353C1DA970C100BDD41F /* btn.wav */,
				2F85352F1DA9320200BDD41F /* Assets.xcassets */,
				2F8535311DA9320200BDD41F /* LaunchScreen.storyboard */,
				2F8535341DA9320200BDD41F /* Info.plist */,
			);
			path = retroCalculator;
			sourceTree = "<group>";
		};
/* End PBXGroup section */

/* Begin PBXNativeTarget section */
		2F8535241DA9320200BDD41F /* retroCalculator */ = {
			isa = PBXNativeTarget;
			buildConfigurationList = 2F8535371DA9320200BDD41F /* Build configuration list for PBXNativeTarget "retroCalculator" */;
			buildPhases = (
				2F8535211DA9320200BDD41F /* Sources */,
				2F8535221DA9320200BDD41F /* Frameworks */,
				2F8535231DA9320200BDD41F /* Resources */,
			);
			buildRules = (
			);
			dependencies = (
			);
			name = retroCalculator;
			productName = retroCalculator;
			productReference = 2F8535251DA9320200BDD41F /* retroCalculator.app */;
			productType = "com.apple.product-type.application";
		};
/* End PBXNativeTarget section */

/* Begin PBXProject section */
		2F85351D1DA9320200BDD41F /* Project object */ = {
			isa = PBXProject;
			attributes = {
				LastSwiftUpdateCheck = 0800;
				LastUpgradeCheck = 0800;
				ORGANIZATIONNAME = "Gordon McQuillan";
				TargetAttributes = {
					2F8535241DA9320200BDD41F = {
						CreatedOnToolsVersion = 8.0;
						DevelopmentTeam = 7XKHK88768;
						ProvisioningStyle = Automatic;
					};
				};
			};
			buildConfigurationList = 2F8535201DA9320200BDD41F /* Build configuration list for PBXProject "retroCalculator" */;
			compatibilityVersion = "Xcode 3.2";
			developmentRegion = English;
			hasScannedForEncodings = 0;
			knownRegions = (
				en,
				Base,
			);
			mainGroup = 2F85351C1DA9320200BDD41F;
			productRefGroup = 2F8535261DA9320200BDD41F /* Products */;
			projectDirPath = "";
			projectRoot = "";
			targets = (
				2F8535241DA9320200BDD41F /* retroCalculator */,
			);
		};
/* End PBXProject section */

/* Begin PBXResourcesBuildPhase section */
		2F8535231DA9320200BDD41F /* Resources */ = {
			isa = PBXResourcesBuildPhase;
			buildActionMask = 2147483647;
			files = (
				2F85353D1DA970C100BDD41F /* btn.wav in Resources */,
				2F8535331DA9320200BDD41F /* LaunchScreen.storyboard in Resources */,
				2F8535301DA9320200BDD41F /* Assets.xcassets in Resources */,
				2F85353B1DA96DA400BDD41F /* Minecraft.ttf in Resources */,
				2F85352E1DA9320200BDD41F /* Main.storyboard in Resources */,
			);
			runOnlyForDeploymentPostprocessing = 0;
		};
/* End PBXResourcesBuildPhase section */

/* Begin PBXSourcesBuildPhase section */
		2F8535211DA9320200BDD41F /* Sources */ = {
			isa = PBXSourcesBuildPhase;
			buildActionMask = 2147483647;
			files = (
				2F85352B1DA9320200BDD41F /* ViewController.swift in Sources */,
				2F8535291DA9320200BDD41F /* AppDelegate.swift in Sources */,
			);
			runOnlyForDeploymentPostprocessing = 0;
		};
/* End PBXSourcesBuildPhase section */

/* Begin PBXVariantGroup section */
		2F85352C1DA9320200BDD41F /* Main.storyboard */ = {
			isa = PBXVariantGroup;
			children = (
				2F85352D1DA9320200BDD41F /* Base */,
			);
			name = Main.storyboard;
			sourceTree = "<group>";
		};
		2F8535311DA9320200BDD41F /* LaunchScreen.storyboard */ = {
			isa = PBXVariantGroup;
			children = (
				2F8535321DA9320200BDD41F /* Base */,
			);
			name = LaunchScreen.storyboard;
			sourceTree = "<group>";
		};
/* End PBXVariantGroup section */

/* Begin XCBuildConfiguration section */
		2F8535351DA9320200BDD41F /* Debug */ = {
			isa = XCBuildConfiguration;
			buildSettings = {
				ALWAYS_SEARCH_USER_PATHS = NO;
				CLANG_ANALYZER_NONNULL = YES;
				CLANG_CXX_LANGUAGE_STANDARD = "gnu++0x";
				CLANG_CXX_LIBRARY = "libc++";
				CLANG_ENABLE_MODULES = YES;
				CLANG_ENABLE_OBJC_ARC = YES;
				CLANG_WARN_BOOL_CONVERSION = YES;
				CLANG_WARN_CONSTANT_CONVERSION = YES;
				CLANG_WARN_DIRECT_OBJC_ISA_USAGE = YES_ERROR;
				CLANG_WARN_DOCUMENTATION_COMMENTS = YES;
				CLANG_WARN_EMPTY_BODY = YES;
				CLANG_WARN_ENUM_CONVERSION = YES;
				CLANG_WARN_INFINITE_RECURSION = YES;
				CLANG_WARN_INT_CONVERSION = YES;
				CLANG_WARN_OBJC_ROOT_CLASS = YES_ERROR;
				CLANG_WARN_SUSPICIOUS_MOVES = YES;
				CLANG_WARN_UNREACHABLE_CODE = YES;
				CLANG_WARN__DUPLICATE_METHOD_MATCH = YES;
				"CODE_SIGN_IDENTITY[sdk=iphoneos*]" = "iPhone Developer";
				COPY_PHASE_STRIP = NO;
				DEBUG_INFORMATION_FORMAT = dwarf;
				ENABLE_STRICT_OBJC_MSGSEND = YES;
				ENABLE_TESTABILITY = YES;
				GCC_C_LANGUAGE_STANDARD = gnu99;
				GCC_DYNAMIC_NO_PIC = NO;
				GCC_NO_COMMON_BLOCKS = YES;
				GCC_OPTIMIZATION_LEVEL = 0;
				GCC_PREPROCESSOR_DEFINITIONS = (
					"DEBUG=1",
					"$(inherited)",
				);
				GCC_WARN_64_TO_32_BIT_CONVERSION = YES;
				GCC_WARN_ABOUT_RETURN_TYPE = YES_ERROR;
				GCC_WARN_UNDECLARED_SELECTOR = YES;
				GCC_WARN_UNINITIALIZED_AUTOS = YES_AGGRESSIVE;
				GCC_WARN_UNUSED_FUNCTION = YES;
				GCC_WARN_UNUSED_VARIABLE = YES;
				IPHONEOS_DEPLOYMENT_TARGET = 10.0;
				MTL_ENABLE_DEBUG_INFO = YES;
				ONLY_ACTIVE_ARCH = YES;
				SDKROOT = iphoneos;
				SWIFT_ACTIVE_COMPILATION_CONDITIONS = DEBUG;
				SWIFT_OPTIMIZATION_LEVEL = "-Onone";
			};
			name = Debug;
		};
		2F8535361DA9320200BDD41F /* Release */ = {
			isa = XCBuildConfiguration;
			buildSettings = {
				ALWAYS_SEARCH_USER_PATHS = NO;
				CLANG_ANALYZER_NONNULL = YES;
				CLANG_CXX_LANGUAGE_STANDARD = "gnu++0x";
				CLANG_CXX_LIBRARY = "libc++";
				CLANG_ENABLE_MODULES = YES;
				CLANG_ENABLE_OBJC_ARC = YES;
				CLANG_WARN_BOOL_CONVERSION = YES;
				CLANG_WARN_CONSTANT_CONVERSION = YES;
				CLANG_WARN_DIRECT_OBJC_ISA_USAGE = YES_ERROR;
				CLANG_WARN_DOCUMENTATION_COMMENTS = YES;
				CLANG_WARN_EMPTY_BODY = YES;
				CLANG_WARN_ENUM_CONVERSION = YES;
				CLANG_WARN_INFINITE_RECURSION = YES;
				CLANG_WARN_INT_CONVERSION = YES;
				CLANG_WARN_OBJC_ROOT_CLASS = YES_ERROR;
				CLANG_WARN_SUSPICIOUS_MOVES = YES;
				CLANG_WARN_UNREACHABLE_CODE = YES;
				CLANG_WARN__DUPLICATE_METHOD_MATCH = YES;
				"CODE_SIGN_IDENTITY[sdk=iphoneos*]" = "iPhone Developer";
				COPY_PHASE_STRIP = NO;
				DEBUG_INFORMATION_FORMAT = "dwarf-with-dsym";
				ENABLE_NS_ASSERTIONS = NO;
				ENABLE_STRICT_OBJC_MSGSEND = YES;
				GCC_C_LANGUAGE_STANDARD = gnu99;
				GCC_NO_COMMON_BLOCKS = YES;
				GCC_WARN_64_TO_32_BIT_CONVERSION = YES;
				GCC_WARN_ABOUT_RETURN_TYPE = YES_ERROR;
				GCC_WARN_UNDECLARED_SELECTOR = YES;
				GCC_WARN_UNINITIALIZED_AUTOS = YES_AGGRESSIVE;
				GCC_WARN_UNUSED_FUNCTION = YES;
				GCC_WARN_UNUSED_VARIABLE = YES;
				IPHONEOS_DEPLOYMENT_TARGET = 10.0;
				MTL_ENABLE_DEBUG_INFO = NO;
				SDKROOT = iphoneos;
				SWIFT_OPTIMIZATION_LEVEL = "-Owholemodule";
				VALIDATE_PRODUCT = YES;
			};
			name = Release;
		};
		2F8535381DA9320200BDD41F /* Debug */ = {
			isa = XCBuildConfiguration;
			buildSettings = {
				ASSETCATALOG_COMPILER_APPICON_NAME = AppIcon;
				DEVELOPMENT_TEAM = 7XKHK88768;
				INFOPLIST_FILE = retroCalculator/Info.plist;
				LD_RUNPATH_SEARCH_PATHS = "$(inherited) @executable_path/Frameworks";
				PRODUCT_BUNDLE_IDENTIFIER = COM.gordonmcquillan.retroCalculator;
				PRODUCT_NAME = "$(TARGET_NAME)";
				SWIFT_VERSION = 3.0;
			};
			name = Debug;
		};
		2F8535391DA9320200BDD41F /* Release */ = {
			isa = XCBuildConfiguration;
			buildSettings = {
				ASSETCATALOG_COMPILER_APPICON_NAME = AppIcon;
				DEVELOPMENT_TEAM = 7XKHK88768;
				INFOPLIST_FILE = retroCalculator/Info.plist;
				LD_RUNPATH_SEARCH_PATHS = "$(inherited) @executable_path/Frameworks";
				PRODUCT_BUNDLE_IDENTIFIER = COM.gordonmcquillan.retroCalculator;
				PRODUCT_NAME = "$(TARGET_NAME)";
				SWIFT_VERSION = 3.0;
			};
			name = Release;
		};
/* End XCBuildConfiguration section */

/* Begin XCConfigurationList section */
		2F8535201DA9320200BDD41F /* Build configuration list for PBXProject "retroCalculator" */ = {
			isa = XCConfigurationList;
			buildConfigurations = (
				2F8535351DA9320200BDD41F /* Debug */,
				2F8535361DA9320200BDD41F /* Release */,
			);
			defaultConfigurationIsVisible = 0;
			defaultConfigurationName = Release;
		};
		2F8535371DA9320200BDD41F /* Build configuration list for PBXNativeTarget "retroCalculator" */ = {
			isa = XCConfigurationList;
			buildConfigurations = (
				2F8535381DA9320200BDD41F /* Debug */,
				2F8535391DA9320200BDD41F /* Release */,
			);
			defaultConfigurationIsVisible = 0;
			defaultConfigurationName = Release;
		};
/* End XCConfigurationList section */
	};
	rootObject = 2F85351D1DA9320200BDD41F /* Project object */;
}
